
Microsoft Visual Studio Solution File, Format Version 12.00
Project("{FAE04EC0-301F-11D3-BF4B-00C04F79EFBC}") = "PizzaStore", "PizzaStore\PizzaStore.csproj", "{9709BCA2-7CA9-40E1-9B06-0DC5AED17F63}"
EndProject
Global
	GlobalSection(SolutionConfigurationPlatforms) = preSolution
		Debug|Any CPU = Debug|Any CPU
		Release|Any CPU = Release|Any CPU
	EndGlobalSection
	GlobalSection(ProjectConfigurationPlatforms) = postSolution
		{9709BCA2-7CA9-40E1-9B06-0DC5AED17F63}.Debug|Any CPU.ActiveCfg = Debug|Any CPU
		{9709BCA2-7CA9-40E1-9B06-0DC5AED17F63}.Debug|Any CPU.Build.0 = Debug|Any CPU
		{9709BCA2-7CA9-40E1-9B06-0DC5AED17F63}.Release|Any CPU.ActiveCfg = Release|Any CPU
		{9709BCA2-7CA9-40E1-9B06-0DC5AED17F63}.Release|Any CPU.Build.0 = Release|Any CPU
	EndGlobalSection
EndGlobal
